
Microsoft Visual Studio Solution File, Format Version 12.00
# Visual Studio Version 17
VisualStudioVersion = 17.8.34525.116
MinimumVisualStudioVersion = 10.0.40219.1
Project("{FAE04EC0-301F-11D3-BF4B-00C04F79EFBC}") = "WebpResizer", "WebpResizer\WebpResizer.csproj", "{59BD6B96-90CA-42D4-8E64-6BF734DF5DC5}"
EndProject
Global
	GlobalSection(SolutionConfigurationPlatforms) = preSolution
		Debug|Any CPU = Debug|Any CPU
		Release|Any CPU = Release|Any CPU
	EndGlobalSection
	GlobalSection(ProjectConfigurationPlatforms) = postSolution
		{59BD6B96-90CA-42D4-8E64-6BF734DF5DC5}.Debug|Any CPU.ActiveCfg = Debug|Any CPU
		{59BD6B96-90CA-42D4-8E64-6BF734DF5DC5}.Debug|Any CPU.Build.0 = Debug|Any CPU
		{59BD6B96-90CA-42D4-8E64-6BF734DF5DC5}.Release|Any CPU.ActiveCfg = Release|Any CPU
		{59BD6B96-90CA-42D4-8E64-6BF734DF5DC5}.Release|Any CPU.Build.0 = Release|Any CPU
	EndGlobalSection
	GlobalSection(SolutionProperties) = preSolution
		HideSolutionNode = FALSE
	EndGlobalSection
	GlobalSection(ExtensibilityGlobals) = postSolution
		SolutionGuid = {90FA9CBE-E654-41B1-9F7D-7C152EE5F892}
	EndGlobalSection
EndGlobal
